
Microsoft Visual Studio Solution File, Format Version 12.00
# Visual Studio Version 17
VisualStudioVersion = 17.0.31903.59
MinimumVisualStudioVersion = 10.0.40219.1
Project("{2150E333-8FDC-42A3-9474-1A3956D46DE8}") = "src", "src", "{827E0CD3-B72D-47B6-A68D-7590B98EB39B}"
EndProject
Project("{FAE04EC0-301F-11D3-BF4B-00C04F79EFBC}") = "DeviceInventory.Core", "src\DeviceInventory.Core\DeviceInventory.Core.csproj", "{3498ED79-CBED-49E8-B8C3-78AEC98ACAD5}"
EndProject
Project("{FAE04EC0-301F-11D3-BF4B-00C04F79EFBC}") = "DeviceInventory.Infrastructure", "src\DeviceInventory.Infrastructure\DeviceInventory.Infrastructure.csproj", "{4ECEBA2A-EA72-4480-B703-3936C22E5C04}"
EndProject
Project("{FAE04EC0-301F-11D3-BF4B-00C04F79EFBC}") = "DeviceInventory.Api", "src\DeviceInventory.Api\DeviceInventory.Api.csproj", "{98C30EA1-F89C-4174-989E-A28A842995E2}"
EndProject
Project("{2150E333-8FDC-42A3-9474-1A3956D46DE8}") = "tests", "tests", "{0AB3BF05-4346-4AA6-1389-037BE0695223}"
EndProject
Project("{FAE04EC0-301F-11D3-BF4B-00C04F79EFBC}") = "DeviceInventory.Tests", "tests\DeviceInventory.Tests\DeviceInventory.Tests.csproj", "{9D2E5E2B-1E0A-49A2-B795-878AA090FDC4}"
EndProject
Global
	GlobalSection(SolutionConfigurationPlatforms) = preSolution
		Debug|Any CPU = Debug|Any CPU
		Debug|x64 = Debug|x64
		Debug|x86 = Debug|x86
		Release|Any CPU = Release|Any CPU
		Release|x64 = Release|x64
		Release|x86 = Release|x86
	EndGlobalSection
	GlobalSection(ProjectConfigurationPlatforms) = postSolution
		{3498ED79-CBED-49E8-B8C3-78AEC98ACAD5}.Debug|Any CPU.ActiveCfg = Debug|Any CPU
		{3498ED79-CBED-49E8-B8C3-78AEC98ACAD5}.Debug|Any CPU.Build.0 = Debug|Any CPU
		{3498ED79-CBED-49E8-B8C3-78AEC98ACAD5}.Debug|x64.ActiveCfg = Debug|Any CPU
		{3498ED79-CBED-49E8-B8C3-78AEC98ACAD5}.Debug|x64.Build.0 = Debug|Any CPU
		{3498ED79-CBED-49E8-B8C3-78AEC98ACAD5}.Debug|x86.ActiveCfg = Debug|Any CPU
		{3498ED79-CBED-49E8-B8C3-78AEC98ACAD5}.Debug|x86.Build.0 = Debug|Any CPU
		{3498ED79-CBED-49E8-B8C3-78AEC98ACAD5}.Release|Any CPU.ActiveCfg = Release|Any CPU
		{3498ED79-CBED-49E8-B8C3-78AEC98ACAD5}.Release|Any CPU.Build.0 = Release|Any CPU
		{3498ED79-CBED-49E8-B8C3-78AEC98ACAD5}.Release|x64.ActiveCfg = Release|Any CPU
		{3498ED79-CBED-49E8-B8C3-78AEC98ACAD5}.Release|x64.Build.0 = Release|Any CPU
		{3498ED79-CBED-49E8-B8C3-78AEC98ACAD5}.Release|x86.ActiveCfg = Release|Any CPU
		{3498ED79-CBED-49E8-B8C3-78AEC98ACAD5}.Release|x86.Build.0 = Release|Any CPU
		{4ECEBA2A-EA72-4480-B703-3936C22E5C04}.Debug|Any CPU.ActiveCfg = Debug|Any CPU
		{4ECEBA2A-EA72-4480-B703-3936C22E5C04}.Debug|Any CPU.Build.0 = Debug|Any CPU
		{4ECEBA2A-EA72-4480-B703-3936C22E5C04}.Debug|x64.ActiveCfg = Debug|Any CPU
		{4ECEBA2A-EA72-4480-B703-3936C22E5C04}.Debug|x64.Build.0 = Debug|Any CPU
		{4ECEBA2A-EA72-4480-B703-3936C22E5C04}.Debug|x86.ActiveCfg = Debug|Any CPU
		{4ECEBA2A-EA72-4480-B703-3936C22E5C04}.Debug|x86.Build.0 = Debug|Any CPU
		{4ECEBA2A-EA72-4480-B703-3936C22E5C04}.Release|Any CPU.ActiveCfg = Release|Any CPU
		{4ECEBA2A-EA72-4480-B703-3936C22E5C04}.Release|Any CPU.Build.0 = Release|Any CPU
		{4ECEBA2A-EA72-4480-B703-3936C22E5C04}.Release|x64.ActiveCfg = Release|Any CPU
		{4ECEBA2A-EA72-4480-B703-3936C22E5C04}.Release|x64.Build.0 = Release|Any CPU
		{4ECEBA2A-EA72-4480-B703-3936C22E5C04}.Release|x86.ActiveCfg = Release|Any CPU
		{4ECEBA2A-EA72-4480-B703-3936C22E5C04}.Release|x86.Build.0 = Release|Any CPU
		{98C30EA1-F89C-4174-989E-A28A842995E2}.Debug|Any CPU.ActiveCfg = Debug|Any CPU
		{98C30EA1-F89C-4174-989E-A28A842995E2}.Debug|Any CPU.Build.0 = Debug|Any CPU
		{98C30EA1-F89C-4174-989E-A28A842995E2}.Debug|x64.ActiveCfg = Debug|Any CPU
		{98C30EA1-F89C-4174-989E-A28A842995E2}.Debug|x64.Build.0 = Debug|Any CPU
		{98C30EA1-F89C-4174-989E-A28A842995E2}.Debug|x86.ActiveCfg = Debug|Any CPU
		{98C30EA1-F89C-4174-989E-A28A842995E2}.Debug|x86.Build.0 = Debug|Any CPU
		{98C30EA1-F89C-4174-989E-A28A842995E2}.Release|Any CPU.ActiveCfg = Release|Any CPU
		{98C30EA1-F89C-4174-989E-A28A842995E2}.Release|Any CPU.Build.0 = Release|Any CPU
		{98C30EA1-F89C-4174-989E-A28A842995E2}.Release|x64.ActiveCfg = Release|Any CPU
		{98C30EA1-F89C-4174-989E-A28A842995E2}.Release|x64.Build.0 = Release|Any CPU
		{98C30EA1-F89C-4174-989E-A28A842995E2}.Release|x86.ActiveCfg = Release|Any CPU
		{98C30EA1-F89C-4174-989E-A28A842995E2}.Release|x86.Build.0 = Release|Any CPU
		{9D2E5E2B-1E0A-49A2-B795-878AA090FDC4}.Debug|Any CPU.ActiveCfg = Debug|Any CPU
		{9D2E5E2B-1E0A-49A2-B795-878AA090FDC4}.Debug|Any CPU.Build.0 = Debug|Any CPU
		{9D2E5E2B-1E0A-49A2-B795-878AA090FDC4}.Debug|x64.ActiveCfg = Debug|Any CPU
		{9D2E5E2B-1E0A-49A2-B795-878AA090FDC4}.Debug|x64.Build.0 = Debug|Any CPU
		{9D2E5E2B-1E0A-49A2-B795-878AA090FDC4}.Debug|x86.ActiveCfg = Debug|Any CPU
		{9D2E5E2B-1E0A-49A2-B795-878AA090FDC4}.Debug|x86.Build.0 = Debug|Any CPU
		{9D2E5E2B-1E0A-49A2-B795-878AA090FDC4}.Release|Any CPU.ActiveCfg = Release|Any CPU
		{9D2E5E2B-1E0A-49A2-B795-878AA090FDC4}.Release|Any CPU.Build.0 = Release|Any CPU
		{9D2E5E2B-1E0A-49A2-B795-878AA090FDC4}.Release|x64.ActiveCfg = Release|Any CPU
		{9D2E5E2B-1E0A-49A2-B795-878AA090FDC4}.Release|x64.Build.0 = Release|Any CPU
		{9D2E5E2B-1E0A-49A2-B795-878AA090FDC4}.Release|x86.ActiveCfg = Release|Any CPU
		{9D2E5E2B-1E0A-49A2-B795-878AA090FDC4}.Release|x86.Build.0 = Release|Any CPU
	EndGlobalSection
	GlobalSection(SolutionProperties) = preSolution
		HideSolutionNode = FALSE
	EndGlobalSection
	GlobalSection(NestedProjects) = preSolution
		{3498ED79-CBED-49E8-B8C3-78AEC98ACAD5} = {827E0CD3-B72D-47B6-A68D-7590B98EB39B}
		{4ECEBA2A-EA72-4480-B703-3936C22E5C04} = {827E0CD3-B72D-47B6-A68D-7590B98EB39B}
		{98C30EA1-F89C-4174-989E-A28A842995E2} = {827E0CD3-B72D-47B6-A68D-7590B98EB39B}
		{9D2E5E2B-1E0A-49A2-B795-878AA090FDC4} = {0AB3BF05-4346-4AA6-1389-037BE0695223}
	EndGlobalSection
EndGlobal
